// !$*UTF8*$!
{
	archiveVersion = 1;
	classes = {
	};
	objectVersion = 46;
	objects = {

/* Begin PBXBuildFile section */
		948920921F28F9D400361C53 /* main.m in Sources */ = {isa = PBXBuildFile; fileRef = 948920911F28F9D400361C53 /* main.m */; };
		948920951F28F9D400361C53 /* AppDelegate.m in Sources */ = {isa = PBXBuildFile; fileRef = 948920941F28F9D400361C53 /* AppDelegate.m */; };
		948920981F28F9D400361C53 /* ListViewController.m in Sources */ = {isa = PBXBuildFile; fileRef = 948920971F28F9D400361C53 /* ListViewController.m */; };
		9489209B1F28F9D400361C53 /* Main.storyboard in Resources */ = {isa = PBXBuildFile; fileRef = 948920991F28F9D400361C53 /* Main.storyboard */; };
		9489209D1F28F9D400361C53 /* Assets.xcassets in Resources */ = {isa = PBXBuildFile; fileRef = 9489209C1F28F9D400361C53 /* Assets.xcassets */; };
		948920A01F28F9D400361C53 /* LaunchScreen.storyboard in Resources */ = {isa = PBXBuildFile; fileRef = 9489209E1F28F9D400361C53 /* LaunchScreen.storyboard */; };
		948920AB1F28F9D400361C53 /* Rock_TracksTests.m in Sources */ = {isa = PBXBuildFile; fileRef = 948920AA1F28F9D400361C53 /* Rock_TracksTests.m */; };
		948920BA1F28FB1700361C53 /* Utils.m in Sources */ = {isa = PBXBuildFile; fileRef = 948920B91F28FB1700361C53 /* Utils.m */; };
		948920BF1F28FBE800361C53 /* TrackItem.m in Sources */ = {isa = PBXBuildFile; fileRef = 948920BE1F28FBE800361C53 /* TrackItem.m */; };
		948920C41F28FDB300361C53 /* TrackItemTableViewCell.m in Sources */ = {isa = PBXBuildFile; fileRef = 948920C21F28FDB300361C53 /* TrackItemTableViewCell.m */; };
		94F3BB231F29176800360625 /* DetailedTrackViewController.m in Sources */ = {isa = PBXBuildFile; fileRef = 94F3BB221F29176800360625 /* DetailedTrackViewController.m */; };
		94F3BB261F291CA900360625 /* ImageAssistant.m in Sources */ = {isa = PBXBuildFile; fileRef = 94F3BB251F291CA900360625 /* ImageAssistant.m */; };
		94F3BB2A1F29291A00360625 /* SafariServices.framework in Frameworks */ = {isa = PBXBuildFile; fileRef = 94F3BB291F29291A00360625 /* SafariServices.framework */; };
/* End PBXBuildFile section */

/* Begin PBXContainerItemProxy section */
		948920A71F28F9D400361C53 /* PBXContainerItemProxy */ = {
			isa = PBXContainerItemProxy;
			containerPortal = 948920851F28F9D400361C53 /* Project object */;
			proxyType = 1;
			remoteGlobalIDString = 9489208C1F28F9D400361C53;
			remoteInfo = "Rock Tracks";
		};
/* End PBXContainerItemProxy section */

/* Begin PBXFileReference section */
		9489208D1F28F9D400361C53 /* Rock Tracks.app */ = {isa = PBXFileReference; explicitFileType = wrapper.application; includeInIndex = 0; path = "Rock Tracks.app"; sourceTree = BUILT_PRODUCTS_DIR; };
		948920911F28F9D400361C53 /* main.m */ = {isa = PBXFileReference; lastKnownFileType = sourcecode.c.objc; path = main.m; sourceTree = "<group>"; };
		948920931F28F9D400361C53 /* AppDelegate.h */ = {isa = PBXFileReference; lastKnownFileType = sourcecode.c.h; path = AppDelegate.h; sourceTree = "<group>"; };
		948920941F28F9D400361C53 /* AppDelegate.m */ = {isa = PBXFileReference; lastKnownFileType = sourcecode.c.objc; path = AppDelegate.m; sourceTree = "<group>"; };
		948920961F28F9D400361C53 /* ListViewController.h */ = {isa = PBXFileReference; lastKnownFileType = sourcecode.c.h; path = ListViewController.h; sourceTree = "<group>"; };
		948920971F28F9D400361C53 /* ListViewController.m */ = {isa = PBXFileReference; lastKnownFileType = sourcecode.c.objc; path = ListViewController.m; sourceTree = "<group>"; };
		9489209A1F28F9D400361C53 /* Base */ = {isa = PBXFileReference; lastKnownFileType = file.storyboard; name = Base; path = Base.lproj/Main.storyboard; sourceTree = "<group>"; };
		9489209C1F28F9D400361C53 /* Assets.xcassets */ = {isa = PBXFileReference; lastKnownFileType = folder.assetcatalog; path = Assets.xcassets; sourceTree = "<group>"; };
		9489209F1F28F9D400361C53 /* Base */ = {isa = PBXFileReference; lastKnownFileType = file.storyboard; name = Base; path = Base.lproj/LaunchScreen.storyboard; sourceTree = "<group>"; };
		948920A11F28F9D400361C53 /* Info.plist */ = {isa = PBXFileReference; lastKnownFileType = text.plist.xml; path = Info.plist; sourceTree = "<group>"; };
		948920A61F28F9D400361C53 /* Rock TracksTests.xctest */ = {isa = PBXFileReference; explicitFileType = wrapper.cfbundle; includeInIndex = 0; path = "Rock TracksTests.xctest"; sourceTree = BUILT_PRODUCTS_DIR; };
		948920AA1F28F9D400361C53 /* Rock_TracksTests.m */ = {isa = PBXFileReference; lastKnownFileType = sourcecode.c.objc; path = Rock_TracksTests.m; sourceTree = "<group>"; };
		948920AC1F28F9D400361C53 /* Info.plist */ = {isa = PBXFileReference; lastKnownFileType = text.plist.xml; path = Info.plist; sourceTree = "<group>"; };
		948920B81F28FB1700361C53 /* Utils.h */ = {isa = PBXFileReference; fileEncoding = 4; lastKnownFileType = sourcecode.c.h; path = Utils.h; sourceTree = "<group>"; };
		948920B91F28FB1700361C53 /* Utils.m */ = {isa = PBXFileReference; fileEncoding = 4; lastKnownFileType = sourcecode.c.objc; path = Utils.m; sourceTree = "<group>"; };
		948920BD1F28FBE800361C53 /* TrackItem.h */ = {isa = PBXFileReference; fileEncoding = 4; lastKnownFileType = sourcecode.c.h; path = TrackItem.h; sourceTree = "<group>"; };
		948920BE1F28FBE800361C53 /* TrackItem.m */ = {isa = PBXFileReference; fileEncoding = 4; lastKnownFileType = sourcecode.c.objc; path = TrackItem.m; sourceTree = "<group>"; };
		948920C11F28FDB300361C53 /* TrackItemTableViewCell.h */ = {isa = PBXFileReference; fileEncoding = 4; lastKnownFileType = sourcecode.c.h; path = TrackItemTableViewCell.h; sourceTree = "<group>"; };
		948920C21F28FDB300361C53 /* TrackItemTableViewCell.m */ = {isa = PBXFileReference; fileEncoding = 4; lastKnownFileType = sourcecode.c.objc; path = TrackItemTableViewCell.m; sourceTree = "<group>"; };
		94F3BB211F29176800360625 /* DetailedTrackViewController.h */ = {isa = PBXFileReference; fileEncoding = 4; lastKnownFileType = sourcecode.c.h; path = DetailedTrackViewController.h; sourceTree = "<group>"; };
		94F3BB221F29176800360625 /* DetailedTrackViewController.m */ = {isa = PBXFileReference; fileEncoding = 4; lastKnownFileType = sourcecode.c.objc; path = DetailedTrackViewController.m; sourceTree = "<group>"; };
		94F3BB241F291CA900360625 /* ImageAssistant.h */ = {isa = PBXFileReference; fileEncoding = 4; lastKnownFileType = sourcecode.c.h; path = ImageAssistant.h; sourceTree = "<group>"; };
		94F3BB251F291CA900360625 /* ImageAssistant.m */ = {isa = PBXFileReference; fileEncoding = 4; lastKnownFileType = sourcecode.c.objc; path = ImageAssistant.m; sourceTree = "<group>"; };
		94F3BB291F29291A00360625 /* SafariServices.framework */ = {isa = PBXFileReference; lastKnownFileType = wrapper.framework; name = SafariServices.framework; path = System/Library/Frameworks/SafariServices.framework; sourceTree = SDKROOT; };
/* End PBXFileReference section */

/* Begin PBXFrameworksBuildPhase section */
		9489208A1F28F9D400361C53 /* Frameworks */ = {
			isa = PBXFrameworksBuildPhase;
			buildActionMask = 2147483647;
			files = (
				94F3BB2A1F29291A00360625 /* SafariServices.framework in Frameworks */,
			);
			runOnlyForDeploymentPostprocessing = 0;
		};
		948920A31F28F9D400361C53 /* Frameworks */ = {
			isa = PBXFrameworksBuildPhase;
			buildActionMask = 2147483647;
			files = (
			);
			runOnlyForDeploymentPostprocessing = 0;
		};
/* End PBXFrameworksBuildPhase section */

/* Begin PBXGroup section */
		948920841F28F9D400361C53 = {
			isa = PBXGroup;
			children = (
				9489208F1F28F9D400361C53 /* Rock Tracks */,
				948920A91F28F9D400361C53 /* Rock TracksTests */,
				9489208E1F28F9D400361C53 /* Products */,
				94F3BB281F29291A00360625 /* Frameworks */,
			);
			sourceTree = "<group>";
		};
		9489208E1F28F9D400361C53 /* Products */ = {
			isa = PBXGroup;
			children = (
				9489208D1F28F9D400361C53 /* Rock Tracks.app */,
				948920A61F28F9D400361C53 /* Rock TracksTests.xctest */,
			);
			name = Products;
			sourceTree = "<group>";
		};
		9489208F1F28F9D400361C53 /* Rock Tracks */ = {
			isa = PBXGroup;
			children = (
				948920C01F28FD8C00361C53 /* Views */,
				948920BC1F28FBDA00361C53 /* Models */,
				948920B71F28FB0100361C53 /* Utilities */,
				948920931F28F9D400361C53 /* AppDelegate.h */,
				948920941F28F9D400361C53 /* AppDelegate.m */,
				948920961F28F9D400361C53 /* ListViewController.h */,
				948920971F28F9D400361C53 /* ListViewController.m */,
				94F3BB211F29176800360625 /* DetailedTrackViewController.h */,
				94F3BB221F29176800360625 /* DetailedTrackViewController.m */,
				948920991F28F9D400361C53 /* Main.storyboard */,
				9489209C1F28F9D400361C53 /* Assets.xcassets */,
				9489209E1F28F9D400361C53 /* LaunchScreen.storyboard */,
				948920A11F28F9D400361C53 /* Info.plist */,
				948920901F28F9D400361C53 /* Supporting Files */,
			);
			path = "Rock Tracks";
			sourceTree = "<group>";
		};
		948920901F28F9D400361C53 /* Supporting Files */ = {
			isa = PBXGroup;
			children = (
				948920911F28F9D400361C53 /* main.m */,
			);
			name = "Supporting Files";
			sourceTree = "<group>";
		};
		948920A91F28F9D400361C53 /* Rock TracksTests */ = {
			isa = PBXGroup;
			children = (
				948920AA1F28F9D400361C53 /* Rock_TracksTests.m */,
				948920AC1F28F9D400361C53 /* Info.plist */,
			);
			path = "Rock TracksTests";
			sourceTree = "<group>";
		};
		948920B71F28FB0100361C53 /* Utilities */ = {
			isa = PBXGroup;
			children = (
				948920B81F28FB1700361C53 /* Utils.h */,
				948920B91F28FB1700361C53 /* Utils.m */,
				94F3BB241F291CA900360625 /* ImageAssistant.h */,
				94F3BB251F291CA900360625 /* ImageAssistant.m */,
			);
			name = Utilities;
			sourceTree = "<group>";
		};
		948920BC1F28FBDA00361C53 /* Models */ = {
			isa = PBXGroup;
			children = (
				948920BD1F28FBE800361C53 /* TrackItem.h */,
				948920BE1F28FBE800361C53 /* TrackItem.m */,
			);
			name = Models;
			sourceTree = "<group>";
		};
		948920C01F28FD8C00361C53 /* Views */ = {
			isa = PBXGroup;
			children = (
				948920C11F28FDB300361C53 /* TrackItemTableViewCell.h */,
				948920C21F28FDB300361C53 /* TrackItemTableViewCell.m */,
			);
			name = Views;
			sourceTree = "<group>";
		};
		94F3BB281F29291A00360625 /* Frameworks */ = {
			isa = PBXGroup;
			children = (
				94F3BB291F29291A00360625 /* SafariServices.framework */,
			);
			name = Frameworks;
			sourceTree = "<group>";
		};
/* End PBXGroup section */

/* Begin PBXNativeTarget section */
		9489208C1F28F9D400361C53 /* Rock Tracks */ = {
			isa = PBXNativeTarget;
			buildConfigurationList = 948920AF1F28F9D400361C53 /* Build configuration list for PBXNativeTarget "Rock Tracks" */;
			buildPhases = (
				948920891F28F9D400361C53 /* Sources */,
				9489208A1F28F9D400361C53 /* Frameworks */,
				9489208B1F28F9D400361C53 /* Resources */,
			);
			buildRules = (
			);
			dependencies = (
			);
			name = "Rock Tracks";
			productName = "Rock Tracks";
			productReference = 9489208D1F28F9D400361C53 /* Rock Tracks.app */;
			productType = "com.apple.product-type.application";
		};
		948920A51F28F9D400361C53 /* Rock TracksTests */ = {
			isa = PBXNativeTarget;
			buildConfigurationList = 948920B21F28F9D400361C53 /* Build configuration list for PBXNativeTarget "Rock TracksTests" */;
			buildPhases = (
				948920A21F28F9D400361C53 /* Sources */,
				948920A31F28F9D400361C53 /* Frameworks */,
				948920A41F28F9D400361C53 /* Resources */,
			);
			buildRules = (
			);
			dependencies = (
				948920A81F28F9D400361C53 /* PBXTargetDependency */,
			);
			name = "Rock TracksTests";
			productName = "Rock TracksTests";
			productReference = 948920A61F28F9D400361C53 /* Rock TracksTests.xctest */;
			productType = "com.apple.product-type.bundle.unit-test";
		};
/* End PBXNativeTarget section */

/* Begin PBXProject section */
		948920851F28F9D400361C53 /* Project object */ = {
			isa = PBXProject;
			attributes = {
				LastUpgradeCheck = 0830;
				ORGANIZATIONNAME = "Ryan McNulty";
				TargetAttributes = {
					9489208C1F28F9D400361C53 = {
						CreatedOnToolsVersion = 8.3.3;
						DevelopmentTeam = T36KJJ58V2;
						ProvisioningStyle = Automatic;
					};
					948920A51F28F9D400361C53 = {
						CreatedOnToolsVersion = 8.3.3;
						DevelopmentTeam = T36KJJ58V2;
						ProvisioningStyle = Automatic;
						TestTargetID = 9489208C1F28F9D400361C53;
					};
				};
			};
			buildConfigurationList = 948920881F28F9D400361C53 /* Build configuration list for PBXProject "Rock Tracks" */;
			compatibilityVersion = "Xcode 3.2";
			developmentRegion = English;
			hasScannedForEncodings = 0;
			knownRegions = (
				en,
				Base,
			);
			mainGroup = 948920841F28F9D400361C53;
			productRefGroup = 9489208E1F28F9D400361C53 /* Products */;
			projectDirPath = "";
			projectRoot = "";
			targets = (
				9489208C1F28F9D400361C53 /* Rock Tracks */,
				948920A51F28F9D400361C53 /* Rock TracksTests */,
			);
		};
/* End PBXProject section */

/* Begin PBXResourcesBuildPhase section */
		9489208B1F28F9D400361C53 /* Resources */ = {
			isa = PBXResourcesBuildPhase;
			buildActionMask = 2147483647;
			files = (
				948920A01F28F9D400361C53 /* LaunchScreen.storyboard in Resources */,
				9489209D1F28F9D400361C53 /* Assets.xcassets in Resources */,
				9489209B1F28F9D400361C53 /* Main.storyboard in Resources */,
			);
			runOnlyForDeploymentPostprocessing = 0;
		};
		948920A41F28F9D400361C53 /* Resources */ = {
			isa = PBXResourcesBuildPhase;
			buildActionMask = 2147483647;
			files = (
			);
			runOnlyForDeploymentPostprocessing = 0;
		};
/* End PBXResourcesBuildPhase section */

/* Begin PBXSourcesBuildPhase section */
		948920891F28F9D400361C53 /* Sources */ = {
			isa = PBXSourcesBuildPhase;
			buildActionMask = 2147483647;
			files = (
				94F3BB261F291CA900360625 /* ImageAssistant.m in Sources */,
				948920BA1F28FB1700361C53 /* Utils.m in Sources */,
				948920981F28F9D400361C53 /* ListViewController.m in Sources */,
				948920951F28F9D400361C53 /* AppDelegate.m in Sources */,
				948920BF1F28FBE800361C53 /* TrackItem.m in Sources */,
				94F3BB231F29176800360625 /* DetailedTrackViewController.m in Sources */,
				948920C41F28FDB300361C53 /* TrackItemTableViewCell.m in Sources */,
				948920921F28F9D400361C53 /* main.m in Sources */,
			);
			runOnlyForDeploymentPostprocessing = 0;
		};
		948920A21F28F9D400361C53 /* Sources */ = {
			isa = PBXSourcesBuildPhase;
			buildActionMask = 2147483647;
			files = (
				948920AB1F28F9D400361C53 /* Rock_TracksTests.m in Sources */,
			);
			runOnlyForDeploymentPostprocessing = 0;
		};
/* End PBXSourcesBuildPhase section */

/* Begin PBXTargetDependency section */
		948920A81F28F9D400361C53 /* PBXTargetDependency */ = {
			isa = PBXTargetDependency;
			target = 9489208C1F28F9D400361C53 /* Rock Tracks */;
			targetProxy = 948920A71F28F9D400361C53 /* PBXContainerItemProxy */;
		};
/* End PBXTargetDependency section */

/* Begin PBXVariantGroup section */
		948920991F28F9D400361C53 /* Main.storyboard */ = {
			isa = PBXVariantGroup;
			children = (
				9489209A1F28F9D400361C53 /* Base */,
			);
			name = Main.storyboard;
			sourceTree = "<group>";
		};
		9489209E1F28F9D400361C53 /* LaunchScreen.storyboard */ = {
			isa = PBXVariantGroup;
			children = (
				9489209F1F28F9D400361C53 /* Base */,
			);
			name = LaunchScreen.storyboard;
			sourceTree = "<group>";
		};
/* End PBXVariantGroup section */

/* Begin XCBuildConfiguration section */
		948920AD1F28F9D400361C53 /* Debug */ = {
			isa = XCBuildConfiguration;
			buildSettings = {
				ALWAYS_SEARCH_USER_PATHS = NO;
				CLANG_ANALYZER_NONNULL = YES;
				CLANG_ANALYZER_NUMBER_OBJECT_CONVERSION = YES_AGGRESSIVE;
				CLANG_CXX_LANGUAGE_STANDARD = "gnu++0x";
				CLANG_CXX_LIBRARY = "libc++";
				CLANG_ENABLE_MODULES = YES;
				CLANG_ENABLE_OBJC_ARC = YES;
				CLANG_WARN_BOOL_CONVERSION = YES;
				CLANG_WARN_CONSTANT_CONVERSION = YES;
				CLANG_WARN_DIRECT_OBJC_ISA_USAGE = YES_ERROR;
				CLANG_WARN_DOCUMENTATION_COMMENTS = YES;
				CLANG_WARN_EMPTY_BODY = YES;
				CLANG_WARN_ENUM_CONVERSION = YES;
				CLANG_WARN_INFINITE_RECURSION = YES;
				CLANG_WARN_INT_CONVERSION = YES;
				CLANG_WARN_OBJC_ROOT_CLASS = YES_ERROR;
				CLANG_WARN_SUSPICIOUS_MOVE = YES;
				CLANG_WARN_UNREACHABLE_CODE = YES;
				CLANG_WARN__DUPLICATE_METHOD_MATCH = YES;
				"CODE_SIGN_IDENTITY[sdk=iphoneos*]" = "iPhone Developer";
				COPY_PHASE_STRIP = NO;
				DEBUG_INFORMATION_FORMAT = dwarf;
				ENABLE_STRICT_OBJC_MSGSEND = YES;
				ENABLE_TESTABILITY = YES;
				GCC_C_LANGUAGE_STANDARD = gnu99;
				GCC_DYNAMIC_NO_PIC = NO;
				GCC_NO_COMMON_BLOCKS = YES;
				GCC_OPTIMIZATION_LEVEL = 0;
				GCC_PREPROCESSOR_DEFINITIONS = (
					"DEBUG=1",
					"$(inherited)",
				);
				GCC_WARN_64_TO_32_BIT_CONVERSION = YES;
				GCC_WARN_ABOUT_RETURN_TYPE = YES_ERROR;
				GCC_WARN_UNDECLARED_SELECTOR = YES;
				GCC_WARN_UNINITIALIZED_AUTOS = YES_AGGRESSIVE;
				GCC_WARN_UNUSED_FUNCTION = YES;
				GCC_WARN_UNUSED_VARIABLE = YES;
				IPHONEOS_DEPLOYMENT_TARGET = 10.3;
				MTL_ENABLE_DEBUG_INFO = YES;
				ONLY_ACTIVE_ARCH = YES;
				SDKROOT = iphoneos;
				TARGETED_DEVICE_FAMILY = "1,2";
			};
			name = Debug;
		};
		948920AE1F28F9D400361C53 /* Release */ = {
			isa = XCBuildConfiguration;
			buildSettings = {
				ALWAYS_SEARCH_USER_PATHS = NO;
				CLANG_ANALYZER_NONNULL = YES;
				CLANG_ANALYZER_NUMBER_OBJECT_CONVERSION = YES_AGGRESSIVE;
				CLANG_CXX_LANGUAGE_STANDARD = "gnu++0x";
				CLANG_CXX_LIBRARY = "libc++";
				CLANG_ENABLE_MODULES = YES;
				CLANG_ENABLE_OBJC_ARC = YES;
				CLANG_WARN_BOOL_CONVERSION = YES;
				CLANG_WARN_CONSTANT_CONVERSION = YES;
				CLANG_WARN_DIRECT_OBJC_ISA_USAGE = YES_ERROR;
				CLANG_WARN_DOCUMENTATION_COMMENTS = YES;
				CLANG_WARN_EMPTY_BODY = YES;
				CLANG_WARN_ENUM_CONVERSION = YES;
				CLANG_WARN_INFINITE_RECURSION = YES;
				CLANG_WARN_INT_CONVERSION = YES;
				CLANG_WARN_OBJC_ROOT_CLASS = YES_ERROR;
				CLANG_WARN_SUSPICIOUS_MOVE = YES;
				CLANG_WARN_UNREACHABLE_CODE = YES;
				CLANG_WARN__DUPLICATE_METHOD_MATCH = YES;
				"CODE_SIGN_IDENTITY[sdk=iphoneos*]" = "iPhone Developer";
				COPY_PHASE_STRIP = NO;
				DEBUG_INFORMATION_FORMAT = "dwarf-with-dsym";
				ENABLE_NS_ASSERTIONS = NO;
				ENABLE_STRICT_OBJC_MSGSEND = YES;
				GCC_C_LANGUAGE_STANDARD = gnu99;
				GCC_NO_COMMON_BLOCKS = YES;
				GCC_WARN_64_TO_32_BIT_CONVERSION = YES;
				GCC_WARN_ABOUT_RETURN_TYPE = YES_ERROR;
				GCC_WARN_UNDECLARED_SELECTOR = YES;
				GCC_WARN_UNINITIALIZED_AUTOS = YES_AGGRESSIVE;
				GCC_WARN_UNUSED_FUNCTION = YES;
				GCC_WARN_UNUSED_VARIABLE = YES;
				IPHONEOS_DEPLOYMENT_TARGET = 10.3;
				MTL_ENABLE_DEBUG_INFO = NO;
				SDKROOT = iphoneos;
				TARGETED_DEVICE_FAMILY = "1,2";
				VALIDATE_PRODUCT = YES;
			};
			name = Release;
		};
		948920B01F28F9D400361C53 /* Debug */ = {
			isa = XCBuildConfiguration;
			buildSettings = {
				ASSETCATALOG_COMPILER_APPICON_NAME = AppIcon;
				DEVELOPMENT_TEAM = T36KJJ58V2;
				INFOPLIST_FILE = "Rock Tracks/Info.plist";
				IPHONEOS_DEPLOYMENT_TARGET = 9.3;
				LD_RUNPATH_SEARCH_PATHS = "$(inherited) @executable_path/Frameworks";
				PRODUCT_BUNDLE_IDENTIFIER = "com.rmcnulty.Rock-Tracks";
				PRODUCT_NAME = "$(TARGET_NAME)";
			};
			name = Debug;
		};
		948920B11F28F9D400361C53 /* Release */ = {
			isa = XCBuildConfiguration;
			buildSettings = {
				ASSETCATALOG_COMPILER_APPICON_NAME = AppIcon;
				DEVELOPMENT_TEAM = T36KJJ58V2;
				INFOPLIST_FILE = "Rock Tracks/Info.plist";
				IPHONEOS_DEPLOYMENT_TARGET = 9.3;
				LD_RUNPATH_SEARCH_PATHS = "$(inherited) @executable_path/Frameworks";
				PRODUCT_BUNDLE_IDENTIFIER = "com.rmcnulty.Rock-Tracks";
				PRODUCT_NAME = "$(TARGET_NAME)";
			};
			name = Release;
		};
		948920B31F28F9D400361C53 /* Debug */ = {
			isa = XCBuildConfiguration;
			buildSettings = {
				BUNDLE_LOADER = "$(TEST_HOST)";
				DEVELOPMENT_TEAM = T36KJJ58V2;
				INFOPLIST_FILE = "Rock TracksTests/Info.plist";
				LD_RUNPATH_SEARCH_PATHS = "$(inherited) @executable_path/Frameworks @loader_path/Frameworks";
				PRODUCT_BUNDLE_IDENTIFIER = "com.rmcnulty.Rock-TracksTests";
				PRODUCT_NAME = "$(TARGET_NAME)";
				TEST_HOST = "$(BUILT_PRODUCTS_DIR)/Rock Tracks.app/Rock Tracks";
			};
			name = Debug;
		};
		948920B41F28F9D400361C53 /* Release */ = {
			isa = XCBuildConfiguration;
			buildSettings = {
				BUNDLE_LOADER = "$(TEST_HOST)";
				DEVELOPMENT_TEAM = T36KJJ58V2;
				INFOPLIST_FILE = "Rock TracksTests/Info.plist";
				LD_RUNPATH_SEARCH_PATHS = "$(inherited) @executable_path/Frameworks @loader_path/Frameworks";
				PRODUCT_BUNDLE_IDENTIFIER = "com.rmcnulty.Rock-TracksTests";
				PRODUCT_NAME = "$(TARGET_NAME)";
				TEST_HOST = "$(BUILT_PRODUCTS_DIR)/Rock Tracks.app/Rock Tracks";
			};
			name = Release;
		};
/* End XCBuildConfiguration section */

/* Begin XCConfigurationList section */
		948920881F28F9D400361C53 /* Build configuration list for PBXProject "Rock Tracks" */ = {
			isa = XCConfigurationList;
			buildConfigurations = (
				948920AD1F28F9D400361C53 /* Debug */,
				948920AE1F28F9D400361C53 /* Release */,
			);
			defaultConfigurationIsVisible = 0;
			defaultConfigurationName = Release;
		};
		948920AF1F28F9D400361C53 /* Build configuration list for PBXNativeTarget "Rock Tracks" */ = {
			isa = XCConfigurationList;
			buildConfigurations = (
				948920B01F28F9D400361C53 /* Debug */,
				948920B11F28F9D400361C53 /* Release */,
			);
			defaultConfigurationIsVisible = 0;
			defaultConfigurationName = Release;
		};
		948920B21F28F9D400361C53 /* Build configuration list for PBXNativeTarget "Rock TracksTests" */ = {
			isa = XCConfigurationList;
			buildConfigurations = (
				948920B31F28F9D400361C53 /* Debug */,
				948920B41F28F9D400361C53 /* Release */,
			);
			defaultConfigurationIsVisible = 0;
			defaultConfigurationName = Release;
		};
/* End XCConfigurationList section */
	};
	rootObject = 948920851F28F9D400361C53 /* Project object */;
}
